// !$*UTF8*$!
{
	archiveVersion = 1;
	classes = {
	};
	objectVersion = 50;
	objects = {

/* Begin PBXBuildFile section */
		DA288AB425949746009E12BD /* AppDelegate.swift in Sources */ = {isa = PBXBuildFile; fileRef = DA288AB325949746009E12BD /* AppDelegate.swift */; };
		DA288AB625949746009E12BD /* SceneDelegate.swift in Sources */ = {isa = PBXBuildFile; fileRef = DA288AB525949746009E12BD /* SceneDelegate.swift */; };
		DA288AB825949746009E12BD /* ViewController.swift in Sources */ = {isa = PBXBuildFile; fileRef = DA288AB725949746009E12BD /* ViewController.swift */; };
		DA288ABB25949746009E12BD /* Main.storyboard in Resources */ = {isa = PBXBuildFile; fileRef = DA288AB925949746009E12BD /* Main.storyboard */; };
		DA288ABD25949748009E12BD /* Assets.xcassets in Resources */ = {isa = PBXBuildFile; fileRef = DA288ABC25949748009E12BD /* Assets.xcassets */; };
		DA288AC025949748009E12BD /* LaunchScreen.storyboard in Resources */ = {isa = PBXBuildFile; fileRef = DA288ABE25949748009E12BD /* LaunchScreen.storyboard */; };
		DA288AC92594ABB6009E12BD /* ModelData.swift in Sources */ = {isa = PBXBuildFile; fileRef = DA288AC82594ABB6009E12BD /* ModelData.swift */; };
		DA4FD2E925A0D5E800092719 /* Float.swift in Sources */ = {isa = PBXBuildFile; fileRef = DA4FD2E825A0D5E800092719 /* Float.swift */; };
		DA4FD2FB25A2101600092719 /* stripes.shader in Resources */ = {isa = PBXBuildFile; fileRef = DA4FD2FA25A2101600092719 /* stripes.shader */; };
		DA4FD2FF25A214E800092719 /* colormap.shader in Resources */ = {isa = PBXBuildFile; fileRef = DA4FD2FE25A214E800092719 /* colormap.shader */; };
		DA5C1B1D259772DF00AFF8BF /* Origin.swift in Sources */ = {isa = PBXBuildFile; fileRef = DA5C1B1C259772DF00AFF8BF /* Origin.swift */; };
		DA8BB5CC2594BE0E00D8B554 /* example_scan.json in Resources */ = {isa = PBXBuildFile; fileRef = DA8BB5CB2594BE0E00D8B554 /* example_scan.json */; };
		DA9E3ECD2597C0F300C007B6 /* SCNVector3.swift in Sources */ = {isa = PBXBuildFile; fileRef = DA9E3ECC2597C0F300C007B6 /* SCNVector3.swift */; };
		DA9E3ED12598CD0B00C007B6 /* CVPixelBuffer.swift in Sources */ = {isa = PBXBuildFile; fileRef = DA9E3ED02598CD0B00C007B6 /* CVPixelBuffer.swift */; };
/* End PBXBuildFile section */

/* Begin PBXFileReference section */
		DA288AB025949746009E12BD /* 3dtest.app */ = {isa = PBXFileReference; explicitFileType = wrapper.application; includeInIndex = 0; path = 3dtest.app; sourceTree = BUILT_PRODUCTS_DIR; };
		DA288AB325949746009E12BD /* AppDelegate.swift */ = {isa = PBXFileReference; lastKnownFileType = sourcecode.swift; path = AppDelegate.swift; sourceTree = "<group>"; };
		DA288AB525949746009E12BD /* SceneDelegate.swift */ = {isa = PBXFileReference; lastKnownFileType = sourcecode.swift; path = SceneDelegate.swift; sourceTree = "<group>"; };
		DA288AB725949746009E12BD /* ViewController.swift */ = {isa = PBXFileReference; lastKnownFileType = sourcecode.swift; path = ViewController.swift; sourceTree = "<group>"; };
		DA288ABA25949746009E12BD /* Base */ = {isa = PBXFileReference; lastKnownFileType = file.storyboard; name = Base; path = Base.lproj/Main.storyboard; sourceTree = "<group>"; };
		DA288ABC25949748009E12BD /* Assets.xcassets */ = {isa = PBXFileReference; lastKnownFileType = folder.assetcatalog; path = Assets.xcassets; sourceTree = "<group>"; };
		DA288ABF25949748009E12BD /* Base */ = {isa = PBXFileReference; lastKnownFileType = file.storyboard; name = Base; path = Base.lproj/LaunchScreen.storyboard; sourceTree = "<group>"; };
		DA288AC125949748009E12BD /* Info.plist */ = {isa = PBXFileReference; lastKnownFileType = text.plist.xml; path = Info.plist; sourceTree = "<group>"; };
		DA288AC82594ABB6009E12BD /* ModelData.swift */ = {isa = PBXFileReference; lastKnownFileType = sourcecode.swift; path = ModelData.swift; sourceTree = "<group>"; };
		DA4FD2E825A0D5E800092719 /* Float.swift */ = {isa = PBXFileReference; lastKnownFileType = sourcecode.swift; path = Float.swift; sourceTree = "<group>"; };
		DA4FD2FA25A2101600092719 /* stripes.shader */ = {isa = PBXFileReference; lastKnownFileType = text; path = stripes.shader; sourceTree = "<group>"; };
		DA4FD2FE25A214E800092719 /* colormap.shader */ = {isa = PBXFileReference; lastKnownFileType = text; path = colormap.shader; sourceTree = "<group>"; };
		DA5C1B1A259676A400AFF8BF /* MyPlayground.playground */ = {isa = PBXFileReference; lastKnownFileType = file.playground; path = MyPlayground.playground; sourceTree = "<group>"; xcLanguageSpecificationIdentifier = xcode.lang.swift; };
		DA5C1B1C259772DF00AFF8BF /* Origin.swift */ = {isa = PBXFileReference; lastKnownFileType = sourcecode.swift; path = Origin.swift; sourceTree = "<group>"; };
		DA8BB5CB2594BE0E00D8B554 /* example_scan.json */ = {isa = PBXFileReference; lastKnownFileType = text.json; name = example_scan.json; path = Assets.xcassets/example_scan.json; sourceTree = "<group>"; };
		DA9E3ECC2597C0F300C007B6 /* SCNVector3.swift */ = {isa = PBXFileReference; lastKnownFileType = sourcecode.swift; path = SCNVector3.swift; sourceTree = "<group>"; };
		DA9E3ED02598CD0B00C007B6 /* CVPixelBuffer.swift */ = {isa = PBXFileReference; lastKnownFileType = sourcecode.swift; path = CVPixelBuffer.swift; sourceTree = "<group>"; };
/* End PBXFileReference section */

/* Begin PBXFrameworksBuildPhase section */
		DA288AAD25949746009E12BD /* Frameworks */ = {
			isa = PBXFrameworksBuildPhase;
			buildActionMask = 2147483647;
			files = (
			);
			runOnlyForDeploymentPostprocessing = 0;
		};
/* End PBXFrameworksBuildPhase section */

/* Begin PBXGroup section */
		DA288AA725949746009E12BD = {
			isa = PBXGroup;
			children = (
				DA288AB225949746009E12BD /* 3dtest */,
				DA288AB125949746009E12BD /* Products */,
			);
			sourceTree = "<group>";
		};
		DA288AB125949746009E12BD /* Products */ = {
			isa = PBXGroup;
			children = (
				DA288AB025949746009E12BD /* 3dtest.app */,
			);
			name = Products;
			sourceTree = "<group>";
		};
		DA288AB225949746009E12BD /* 3dtest */ = {
			isa = PBXGroup;
			children = (
				DA5C1B1A259676A400AFF8BF /* MyPlayground.playground */,
				DA288AB325949746009E12BD /* AppDelegate.swift */,
				DA288AB525949746009E12BD /* SceneDelegate.swift */,
				DA288AB725949746009E12BD /* ViewController.swift */,
				DA288AC82594ABB6009E12BD /* ModelData.swift */,
				DA9E3ECB2597C0C000C007B6 /* Extensions */,
				DA5C1B1C259772DF00AFF8BF /* Origin.swift */,
				DA8BB5CB2594BE0E00D8B554 /* example_scan.json */,
				DA288AB925949746009E12BD /* Main.storyboard */,
				DA288ABC25949748009E12BD /* Assets.xcassets */,
				DA4FD2FA25A2101600092719 /* stripes.shader */,
				DA4FD2FE25A214E800092719 /* colormap.shader */,
				DA288ABE25949748009E12BD /* LaunchScreen.storyboard */,
				DA288AC125949748009E12BD /* Info.plist */,
			);
			path = 3dtest;
			sourceTree = "<group>";
		};
		DA9E3ECB2597C0C000C007B6 /* Extensions */ = {
			isa = PBXGroup;
			children = (
				DA9E3ECC2597C0F300C007B6 /* SCNVector3.swift */,
				DA9E3ED02598CD0B00C007B6 /* CVPixelBuffer.swift */,
				DA4FD2E825A0D5E800092719 /* Float.swift */,
			);
			path = Extensions;
			sourceTree = "<group>";
		};
/* End PBXGroup section */

/* Begin PBXNativeTarget section */
		DA288AAF25949746009E12BD /* 3dtest */ = {
			isa = PBXNativeTarget;
			buildConfigurationList = DA288AC425949748009E12BD /* Build configuration list for PBXNativeTarget "3dtest" */;
			buildPhases = (
				DA288AAC25949746009E12BD /* Sources */,
				DA288AAD25949746009E12BD /* Frameworks */,
				DA288AAE25949746009E12BD /* Resources */,
			);
			buildRules = (
			);
			dependencies = (
			);
			name = 3dtest;
			productName = 3dtest;
			productReference = DA288AB025949746009E12BD /* 3dtest.app */;
			productType = "com.apple.product-type.application";
		};
/* End PBXNativeTarget section */

/* Begin PBXProject section */
		DA288AA825949746009E12BD /* Project object */ = {
			isa = PBXProject;
			attributes = {
				LastSwiftUpdateCheck = 1230;
				LastUpgradeCheck = 1230;
				TargetAttributes = {
					DA288AAF25949746009E12BD = {
						CreatedOnToolsVersion = 12.3;
					};
				};
			};
			buildConfigurationList = DA288AAB25949746009E12BD /* Build configuration list for PBXProject "3dtest" */;
			compatibilityVersion = "Xcode 9.3";
			developmentRegion = en;
			hasScannedForEncodings = 0;
			knownRegions = (
				en,
				Base,
			);
			mainGroup = DA288AA725949746009E12BD;
			productRefGroup = DA288AB125949746009E12BD /* Products */;
			projectDirPath = "";
			projectRoot = "";
			targets = (
				DA288AAF25949746009E12BD /* 3dtest */,
			);
		};
/* End PBXProject section */

/* Begin PBXResourcesBuildPhase section */
		DA288AAE25949746009E12BD /* Resources */ = {
			isa = PBXResourcesBuildPhase;
			buildActionMask = 2147483647;
			files = (
				DA288AC025949748009E12BD /* LaunchScreen.storyboard in Resources */,
				DA8BB5CC2594BE0E00D8B554 /* example_scan.json in Resources */,
				DA4FD2FF25A214E800092719 /* colormap.shader in Resources */,
				DA288ABD25949748009E12BD /* Assets.xcassets in Resources */,
				DA288ABB25949746009E12BD /* Main.storyboard in Resources */,
				DA4FD2FB25A2101600092719 /* stripes.shader in Resources */,
			);
			runOnlyForDeploymentPostprocessing = 0;
		};
/* End PBXResourcesBuildPhase section */

/* Begin PBXSourcesBuildPhase section */
		DA288AAC25949746009E12BD /* Sources */ = {
			isa = PBXSourcesBuildPhase;
			buildActionMask = 2147483647;
			files = (
				DA288AB825949746009E12BD /* ViewController.swift in Sources */,
				DA288AC92594ABB6009E12BD /* ModelData.swift in Sources */,
				DA288AB425949746009E12BD /* AppDelegate.swift in Sources */,
				DA288AB625949746009E12BD /* SceneDelegate.swift in Sources */,
				DA4FD2E925A0D5E800092719 /* Float.swift in Sources */,
				DA9E3ED12598CD0B00C007B6 /* CVPixelBuffer.swift in Sources */,
				DA5C1B1D259772DF00AFF8BF /* Origin.swift in Sources */,
				DA9E3ECD2597C0F300C007B6 /* SCNVector3.swift in Sources */,
			);
			runOnlyForDeploymentPostprocessing = 0;
		};
/* End PBXSourcesBuildPhase section */

/* Begin PBXVariantGroup section */
		DA288AB925949746009E12BD /* Main.storyboard */ = {
			isa = PBXVariantGroup;
			children = (
				DA288ABA25949746009E12BD /* Base */,
			);
			name = Main.storyboard;
			sourceTree = "<group>";
		};
		DA288ABE25949748009E12BD /* LaunchScreen.storyboard */ = {
			isa = PBXVariantGroup;
			children = (
				DA288ABF25949748009E12BD /* Base */,
			);
			name = LaunchScreen.storyboard;
			sourceTree = "<group>";
		};
/* End PBXVariantGroup section */

/* Begin XCBuildConfiguration section */
		DA288AC225949748009E12BD /* Debug */ = {
			isa = XCBuildConfiguration;
			buildSettings = {
				ALWAYS_SEARCH_USER_PATHS = NO;
				CLANG_ANALYZER_NONNULL = YES;
				CLANG_ANALYZER_NUMBER_OBJECT_CONVERSION = YES_AGGRESSIVE;
				CLANG_CXX_LANGUAGE_STANDARD = "gnu++14";
				CLANG_CXX_LIBRARY = "libc++";
				CLANG_ENABLE_MODULES = YES;
				CLANG_ENABLE_OBJC_ARC = YES;
				CLANG_ENABLE_OBJC_WEAK = YES;
				CLANG_WARN_BLOCK_CAPTURE_AUTORELEASING = YES;
				CLANG_WARN_BOOL_CONVERSION = YES;
				CLANG_WARN_COMMA = YES;
				CLANG_WARN_CONSTANT_CONVERSION = YES;
				CLANG_WARN_DEPRECATED_OBJC_IMPLEMENTATIONS = YES;
				CLANG_WARN_DIRECT_OBJC_ISA_USAGE = YES_ERROR;
				CLANG_WARN_DOCUMENTATION_COMMENTS = YES;
				CLANG_WARN_EMPTY_BODY = YES;
				CLANG_WARN_ENUM_CONVERSION = YES;
				CLANG_WARN_INFINITE_RECURSION = YES;
				CLANG_WARN_INT_CONVERSION = YES;
				CLANG_WARN_NON_LITERAL_NULL_CONVERSION = YES;
				CLANG_WARN_OBJC_IMPLICIT_RETAIN_SELF = YES;
				CLANG_WARN_OBJC_LITERAL_CONVERSION = YES;
				CLANG_WARN_OBJC_ROOT_CLASS = YES_ERROR;
				CLANG_WARN_QUOTED_INCLUDE_IN_FRAMEWORK_HEADER = YES;
				CLANG_WARN_RANGE_LOOP_ANALYSIS = YES;
				CLANG_WARN_STRICT_PROTOTYPES = YES;
				CLANG_WARN_SUSPICIOUS_MOVE = YES;
				CLANG_WARN_UNGUARDED_AVAILABILITY = YES_AGGRESSIVE;
				CLANG_WARN_UNREACHABLE_CODE = YES;
				CLANG_WARN__DUPLICATE_METHOD_MATCH = YES;
				COPY_PHASE_STRIP = NO;
				DEBUG_INFORMATION_FORMAT = dwarf;
				ENABLE_STRICT_OBJC_MSGSEND = YES;
				ENABLE_TESTABILITY = YES;
				GCC_C_LANGUAGE_STANDARD = gnu11;
				GCC_DYNAMIC_NO_PIC = NO;
				GCC_NO_COMMON_BLOCKS = YES;
				GCC_OPTIMIZATION_LEVEL = 0;
				GCC_PREPROCESSOR_DEFINITIONS = (
					"DEBUG=1",
					"$(inherited)",
				);
				GCC_WARN_64_TO_32_BIT_CONVERSION = YES;
				GCC_WARN_ABOUT_RETURN_TYPE = YES_ERROR;
				GCC_WARN_UNDECLARED_SELECTOR = YES;
				GCC_WARN_UNINITIALIZED_AUTOS = YES_AGGRESSIVE;
				GCC_WARN_UNUSED_FUNCTION = YES;
				GCC_WARN_UNUSED_VARIABLE = YES;
				IPHONEOS_DEPLOYMENT_TARGET = 14.3;
				MTL_ENABLE_DEBUG_INFO = INCLUDE_SOURCE;
				MTL_FAST_MATH = YES;
				ONLY_ACTIVE_ARCH = YES;
				SDKROOT = iphoneos;
				SWIFT_ACTIVE_COMPILATION_CONDITIONS = DEBUG;
				SWIFT_OPTIMIZATION_LEVEL = "-Onone";
			};
			name = Debug;
		};
		DA288AC325949748009E12BD /* Release */ = {
			isa = XCBuildConfiguration;
			buildSettings = {
				ALWAYS_SEARCH_USER_PATHS = NO;
				CLANG_ANALYZER_NONNULL = YES;
				CLANG_ANALYZER_NUMBER_OBJECT_CONVERSION = YES_AGGRESSIVE;
				CLANG_CXX_LANGUAGE_STANDARD = "gnu++14";
				CLANG_CXX_LIBRARY = "libc++";
				CLANG_ENABLE_MODULES = YES;
				CLANG_ENABLE_OBJC_ARC = YES;
				CLANG_ENABLE_OBJC_WEAK = YES;
				CLANG_WARN_BLOCK_CAPTURE_AUTORELEASING = YES;
				CLANG_WARN_BOOL_CONVERSION = YES;
				CLANG_WARN_COMMA = YES;
				CLANG_WARN_CONSTANT_CONVERSION = YES;
				CLANG_WARN_DEPRECATED_OBJC_IMPLEMENTATIONS = YES;
				CLANG_WARN_DIRECT_OBJC_ISA_USAGE = YES_ERROR;
				CLANG_WARN_DOCUMENTATION_COMMENTS = YES;
				CLANG_WARN_EMPTY_BODY = YES;
				CLANG_WARN_ENUM_CONVERSION = YES;
				CLANG_WARN_INFINITE_RECURSION = YES;
				CLANG_WARN_INT_CONVERSION = YES;
				CLANG_WARN_NON_LITERAL_NULL_CONVERSION = YES;
				CLANG_WARN_OBJC_IMPLICIT_RETAIN_SELF = YES;
				CLANG_WARN_OBJC_LITERAL_CONVERSION = YES;
				CLANG_WARN_OBJC_ROOT_CLASS = YES_ERROR;
				CLANG_WARN_QUOTED_INCLUDE_IN_FRAMEWORK_HEADER = YES;
				CLANG_WARN_RANGE_LOOP_ANALYSIS = YES;
				CLANG_WARN_STRICT_PROTOTYPES = YES;
				CLANG_WARN_SUSPICIOUS_MOVE = YES;
				CLANG_WARN_UNGUARDED_AVAILABILITY = YES_AGGRESSIVE;
				CLANG_WARN_UNREACHABLE_CODE = YES;
				CLANG_WARN__DUPLICATE_METHOD_MATCH = YES;
				COPY_PHASE_STRIP = NO;
				DEBUG_INFORMATION_FORMAT = "dwarf-with-dsym";
				ENABLE_NS_ASSERTIONS = NO;
				ENABLE_STRICT_OBJC_MSGSEND = YES;
				GCC_C_LANGUAGE_STANDARD = gnu11;
				GCC_NO_COMMON_BLOCKS = YES;
				GCC_WARN_64_TO_32_BIT_CONVERSION = YES;
				GCC_WARN_ABOUT_RETURN_TYPE = YES_ERROR;
				GCC_WARN_UNDECLARED_SELECTOR = YES;
				GCC_WARN_UNINITIALIZED_AUTOS = YES_AGGRESSIVE;
				GCC_WARN_UNUSED_FUNCTION = YES;
				GCC_WARN_UNUSED_VARIABLE = YES;
				IPHONEOS_DEPLOYMENT_TARGET = 14.3;
				MTL_ENABLE_DEBUG_INFO = NO;
				MTL_FAST_MATH = YES;
				SDKROOT = iphoneos;
				SWIFT_COMPILATION_MODE = wholemodule;
				SWIFT_OPTIMIZATION_LEVEL = "-O";
				VALIDATE_PRODUCT = YES;
			};
			name = Release;
		};
		DA288AC525949748009E12BD /* Debug */ = {
			isa = XCBuildConfiguration;
			buildSettings = {
				ASSETCATALOG_COMPILER_APPICON_NAME = AppIcon;
				ASSETCATALOG_COMPILER_GLOBAL_ACCENT_COLOR_NAME = AccentColor;
				CODE_SIGN_STYLE = Automatic;
				DEVELOPMENT_TEAM = THGFDM52CK;
				INFOPLIST_FILE = 3dtest/Info.plist;
				LD_RUNPATH_SEARCH_PATHS = (
					"$(inherited)",
					"@executable_path/Frameworks",
				);
				PRODUCT_BUNDLE_IDENTIFIER = "roedling.de.-dtest";
				PRODUCT_NAME = "$(TARGET_NAME)";
				SWIFT_VERSION = 5.0;
				TARGETED_DEVICE_FAMILY = "1,2";
			};
			name = Debug;
		};
		DA288AC625949748009E12BD /* Release */ = {
			isa = XCBuildConfiguration;
			buildSettings = {
				ASSETCATALOG_COMPILER_APPICON_NAME = AppIcon;
				ASSETCATALOG_COMPILER_GLOBAL_ACCENT_COLOR_NAME = AccentColor;
				CODE_SIGN_STYLE = Automatic;
				DEVELOPMENT_TEAM = THGFDM52CK;
				INFOPLIST_FILE = 3dtest/Info.plist;
				LD_RUNPATH_SEARCH_PATHS = (
					"$(inherited)",
					"@executable_path/Frameworks",
				);
				PRODUCT_BUNDLE_IDENTIFIER = "roedling.de.-dtest";
				PRODUCT_NAME = "$(TARGET_NAME)";
				SWIFT_VERSION = 5.0;
				TARGETED_DEVICE_FAMILY = "1,2";
			};
			name = Release;
		};
/* End XCBuildConfiguration section */

/* Begin XCConfigurationList section */
		DA288AAB25949746009E12BD /* Build configuration list for PBXProject "3dtest" */ = {
			isa = XCConfigurationList;
			buildConfigurations = (
				DA288AC225949748009E12BD /* Debug */,
				DA288AC325949748009E12BD /* Release */,
			);
			defaultConfigurationIsVisible = 0;
			defaultConfigurationName = Release;
		};
		DA288AC425949748009E12BD /* Build configuration list for PBXNativeTarget "3dtest" */ = {
			isa = XCConfigurationList;
			buildConfigurations = (
				DA288AC525949748009E12BD /* Debug */,
				DA288AC625949748009E12BD /* Release */,
			);
			defaultConfigurationIsVisible = 0;
			defaultConfigurationName = Release;
		};
/* End XCConfigurationList section */
	};
	rootObject = DA288AA825949746009E12BD /* Project object */;
}
